# This file is @generated by PDM.
# It is not intended for manual editing.

[metadata]
groups = ["default"]
cross_platform = true
static_urls = false
lock_version = "4.3"
content_hash = "sha256:0dfd1ea07c294dd2b837a34ff9d286134e5119c6249e4f9cd6c1ed121de97851"

[[package]]
name = "pyparsing"
version = "3.1.1"
requires_python = ">=3.6.8"
summary = "pyparsing module - Classes and methods to define and execute parsing grammars"
files = [
    {file = "pyparsing-3.1.1-py3-none-any.whl", hash = "sha256:32c7c0b711493c72ff18a981d24f28aaf9c1fb7ed5e9667c9e84e3db623bdbfb"},
    {file = "pyparsing-3.1.1.tar.gz", hash = "sha256:ede28a1a32462f5a9705e07aea48001a08f7cf81a021585011deba701581a0db"},
]

[[package]]
name = "pysimplegui"
version = "4.60.5"
summary = "Python GUIs for Humans. Launched in 2018. It's 2022 & PySimpleGUI is an ACTIVE & supported project. Super-simple to create custom GUI's. 325+ Demo programs & Cookbook for rapid start. Extensive documentation. Main docs at www.PySimpleGUI.org. Fun & your success are the focus. Examples using Machine Learning (GUI, OpenCV Integration), Rainmeter Style Desktop Widgets, Matplotlib + Pyplot, PIL support, add GUI to command line scripts, PDF & Image Viewers. Great for beginners & advanced GUI programmers."
files = [
    {file = "PySimpleGUI-4.60.5-py3-none-any.whl", hash = "sha256:004f33311ee685a5287fad54f500f7290b40d7c806044e478b1384f85dedce64"},
    {file = "PySimpleGUI-4.60.5.tar.gz", hash = "sha256:31014d1cc5eef1373d7e93564ff2604662645cc774a939b1f01aa253e7f9d78b"},
]

[[package]]
name = "tomli"
version = "2.0.1"
requires_python = ">=3.7"
summary = "A lil' TOML parser"
files = [
    {file = "tomli-2.0.1-py3-none-any.whl", hash = "sha256:939de3e7a6161af0c887ef91b7d41a53e7c5a1ca976325f429cb46ea9bc30ecc"},
    {file = "tomli-2.0.1.tar.gz", hash = "sha256:de526c12914f0c550d15924c62d72abc48d6fe7364aa87328337a31007fe8a4f"},
]

[[package]]
name = "voicemeeter-api"
version = "2.4.8"
requires_python = ">=3.10,<4.0"
summary = "A Python wrapper for the Voiceemeter API"
dependencies = [
    "tomli<3.0.0,>=2.0.1; python_version < \"3.11\"",
]
files = [
    {file = "voicemeeter_api-2.4.8-py3-none-any.whl", hash = "sha256:a3ff9e6f7516d2adedde93f6976526b385d8ae6d86598bfe541a44f498f42ea6"},
    {file = "voicemeeter_api-2.4.8.tar.gz", hash = "sha256:0d37a9f2af0f68087aa9c76a8cfb2ba44c6b75bb344e8dfa9fd18ad2c862730c"},
]
